
Microsoft Visual Studio Solution File, Format Version 12.00
# Visual Studio Version 17
VisualStudioVersion = 17.9.34622.214
MinimumVisualStudioVersion = 10.0.40219.1
Project("{9A19103F-16F7-4668-BE54-9A1E7A4F7556}") = "SaldoVacaciones", "SaldoVacaciones.csproj", "{9807D13A-0095-4A0B-BE43-86E947BAF8B3}"
EndProject
Project("{2150E333-8FDC-42A3-9474-1A3956D46DE8}") = "Elementos de la solución", "Elementos de la solución", "{134C6AD0-4181-4592-90DB-CBC74DDFEE5B}"
	ProjectSection(SolutionItems) = preProject
		.gitignore = .gitignore
	EndProjectSection
EndProject
Global
	GlobalSection(SolutionConfigurationPlatforms) = preSolution
		Debug|Any CPU = Debug|Any CPU
		Release|Any CPU = Release|Any CPU
	EndGlobalSection
	GlobalSection(ProjectConfigurationPlatforms) = postSolution
		{9807D13A-0095-4A0B-BE43-86E947BAF8B3}.Debug|Any CPU.ActiveCfg = Debug|Any CPU
		{9807D13A-0095-4A0B-BE43-86E947BAF8B3}.Debug|Any CPU.Build.0 = Debug|Any CPU
		{9807D13A-0095-4A0B-BE43-86E947BAF8B3}.Release|Any CPU.ActiveCfg = Release|Any CPU
		{9807D13A-0095-4A0B-BE43-86E947BAF8B3}.Release|Any CPU.Build.0 = Release|Any CPU
	EndGlobalSection
	GlobalSection(SolutionProperties) = preSolution
		HideSolutionNode = FALSE
	EndGlobalSection
	GlobalSection(ExtensibilityGlobals) = postSolution
		SolutionGuid = {29E22627-FF40-4EEE-AD36-101FB16F33DD}
	EndGlobalSection
EndGlobal
